
Microsoft Visual Studio Solution File, Format Version 12.00
# Visual Studio 15
VisualStudioVersion = 15.0.27703.2035
MinimumVisualStudioVersion = 10.0.40219.1
Project("{FAE04EC0-301F-11D3-BF4B-00C04F79EFBC}") = "MarketPlace", "MarketPlace\MarketPlace.csproj", "{CCD89BC7-DBF4-48E9-9414-26D55CD3258B}"
EndProject
Project("{FAE04EC0-301F-11D3-BF4B-00C04F79EFBC}") = "MarketPlace.API", "MarketPlace.API\MarketPlace.API.csproj", "{A29F3D6F-9642-4AAC-BD85-7FF715D85475}"
EndProject
Project("{FAE04EC0-301F-11D3-BF4B-00C04F79EFBC}") = "MarketPlace.Core", "MarketPlace.Core\MarketPlace.Core.csproj", "{4AEBA3B0-8982-48FC-82DE-BDAE92991EA8}"
EndProject
Project("{FAE04EC0-301F-11D3-BF4B-00C04F79EFBC}") = "MarketPlace.Data", "MarketPlace.Data\MarketPlace.Data.csproj", "{06BD65BF-F945-48E3-8473-568E5AFC1B74}"
EndProject
Project("{FAE04EC0-301F-11D3-BF4B-00C04F79EFBC}") = "MarketPlace.Services", "MarketPlace.Services\MarketPlace.Services.csproj", "{F6507467-C2DC-410F-9788-C196720B2908}"
EndProject
Global
	GlobalSection(SolutionConfigurationPlatforms) = preSolution
		Debug|Any CPU = Debug|Any CPU
		Release|Any CPU = Release|Any CPU
	EndGlobalSection
	GlobalSection(ProjectConfigurationPlatforms) = postSolution
		{CCD89BC7-DBF4-48E9-9414-26D55CD3258B}.Debug|Any CPU.ActiveCfg = Debug|Any CPU
		{CCD89BC7-DBF4-48E9-9414-26D55CD3258B}.Debug|Any CPU.Build.0 = Debug|Any CPU
		{CCD89BC7-DBF4-48E9-9414-26D55CD3258B}.Release|Any CPU.ActiveCfg = Release|Any CPU
		{CCD89BC7-DBF4-48E9-9414-26D55CD3258B}.Release|Any CPU.Build.0 = Release|Any CPU
		{A29F3D6F-9642-4AAC-BD85-7FF715D85475}.Debug|Any CPU.ActiveCfg = Debug|Any CPU
		{A29F3D6F-9642-4AAC-BD85-7FF715D85475}.Debug|Any CPU.Build.0 = Debug|Any CPU
		{A29F3D6F-9642-4AAC-BD85-7FF715D85475}.Release|Any CPU.ActiveCfg = Release|Any CPU
		{A29F3D6F-9642-4AAC-BD85-7FF715D85475}.Release|Any CPU.Build.0 = Release|Any CPU
		{4AEBA3B0-8982-48FC-82DE-BDAE92991EA8}.Debug|Any CPU.ActiveCfg = Debug|Any CPU
		{4AEBA3B0-8982-48FC-82DE-BDAE92991EA8}.Debug|Any CPU.Build.0 = Debug|Any CPU
		{4AEBA3B0-8982-48FC-82DE-BDAE92991EA8}.Release|Any CPU.ActiveCfg = Release|Any CPU
		{4AEBA3B0-8982-48FC-82DE-BDAE92991EA8}.Release|Any CPU.Build.0 = Release|Any CPU
		{06BD65BF-F945-48E3-8473-568E5AFC1B74}.Debug|Any CPU.ActiveCfg = Debug|Any CPU
		{06BD65BF-F945-48E3-8473-568E5AFC1B74}.Debug|Any CPU.Build.0 = Debug|Any CPU
		{06BD65BF-F945-48E3-8473-568E5AFC1B74}.Release|Any CPU.ActiveCfg = Release|Any CPU
		{06BD65BF-F945-48E3-8473-568E5AFC1B74}.Release|Any CPU.Build.0 = Release|Any CPU
		{F6507467-C2DC-410F-9788-C196720B2908}.Debug|Any CPU.ActiveCfg = Debug|Any CPU
		{F6507467-C2DC-410F-9788-C196720B2908}.Debug|Any CPU.Build.0 = Debug|Any CPU
		{F6507467-C2DC-410F-9788-C196720B2908}.Release|Any CPU.ActiveCfg = Release|Any CPU
		{F6507467-C2DC-410F-9788-C196720B2908}.Release|Any CPU.Build.0 = Release|Any CPU
	EndGlobalSection
	GlobalSection(SolutionProperties) = preSolution
		HideSolutionNode = FALSE
	EndGlobalSection
	GlobalSection(ExtensibilityGlobals) = postSolution
		SolutionGuid = {1C288CEF-3AF8-46DB-9198-78DDAE4EB502}
	EndGlobalSection
EndGlobal
